// !$*UTF8*$!
{
	archiveVersion = 1;
	classes = {
	};
	objectVersion = 55;
	objects = {

/* Begin PBXBuildFile section */
		0957F37828644415004CDAE2 /* AppDelegate.swift in Sources */ = {isa = PBXBuildFile; fileRef = 0957F37728644415004CDAE2 /* AppDelegate.swift */; };
		0957F37A28644415004CDAE2 /* SceneDelegate.swift in Sources */ = {isa = PBXBuildFile; fileRef = 0957F37928644415004CDAE2 /* SceneDelegate.swift */; };
		0957F37C28644415004CDAE2 /* ViewController.swift in Sources */ = {isa = PBXBuildFile; fileRef = 0957F37B28644415004CDAE2 /* ViewController.swift */; };
		0957F37F28644415004CDAE2 /* Main.storyboard in Resources */ = {isa = PBXBuildFile; fileRef = 0957F37D28644415004CDAE2 /* Main.storyboard */; };
		0957F38128644416004CDAE2 /* Assets.xcassets in Resources */ = {isa = PBXBuildFile; fileRef = 0957F38028644416004CDAE2 /* Assets.xcassets */; };
		0957F38428644416004CDAE2 /* LaunchScreen.storyboard in Resources */ = {isa = PBXBuildFile; fileRef = 0957F38228644416004CDAE2 /* LaunchScreen.storyboard */; };
		0957F38F28644416004CDAE2 /* chess_PairTests.swift in Sources */ = {isa = PBXBuildFile; fileRef = 0957F38E28644416004CDAE2 /* chess_PairTests.swift */; };
		0957F39928644416004CDAE2 /* chess_PairUITests.swift in Sources */ = {isa = PBXBuildFile; fileRef = 0957F39828644416004CDAE2 /* chess_PairUITests.swift */; };
		0957F39B28644416004CDAE2 /* chess_PairUITestsLaunchTests.swift in Sources */ = {isa = PBXBuildFile; fileRef = 0957F39A28644416004CDAE2 /* chess_PairUITestsLaunchTests.swift */; };
		0957F3A8286444B2004CDAE2 /* King.swift in Sources */ = {isa = PBXBuildFile; fileRef = 0957F3A7286444B2004CDAE2 /* King.swift */; };
/* End PBXBuildFile section */

/* Begin PBXContainerItemProxy section */
		0957F38B28644416004CDAE2 /* PBXContainerItemProxy */ = {
			isa = PBXContainerItemProxy;
			containerPortal = 0957F36C28644415004CDAE2 /* Project object */;
			proxyType = 1;
			remoteGlobalIDString = 0957F37328644415004CDAE2;
			remoteInfo = "chess-Pair";
		};
		0957F39528644416004CDAE2 /* PBXContainerItemProxy */ = {
			isa = PBXContainerItemProxy;
			containerPortal = 0957F36C28644415004CDAE2 /* Project object */;
			proxyType = 1;
			remoteGlobalIDString = 0957F37328644415004CDAE2;
			remoteInfo = "chess-Pair";
		};
/* End PBXContainerItemProxy section */

/* Begin PBXFileReference section */
		0957F37428644415004CDAE2 /* chess-Pair.app */ = {isa = PBXFileReference; explicitFileType = wrapper.application; includeInIndex = 0; path = "chess-Pair.app"; sourceTree = BUILT_PRODUCTS_DIR; };
		0957F37728644415004CDAE2 /* AppDelegate.swift */ = {isa = PBXFileReference; lastKnownFileType = sourcecode.swift; path = AppDelegate.swift; sourceTree = "<group>"; };
		0957F37928644415004CDAE2 /* SceneDelegate.swift */ = {isa = PBXFileReference; lastKnownFileType = sourcecode.swift; path = SceneDelegate.swift; sourceTree = "<group>"; };
		0957F37B28644415004CDAE2 /* ViewController.swift */ = {isa = PBXFileReference; lastKnownFileType = sourcecode.swift; path = ViewController.swift; sourceTree = "<group>"; };
		0957F37E28644415004CDAE2 /* Base */ = {isa = PBXFileReference; lastKnownFileType = file.storyboard; name = Base; path = Base.lproj/Main.storyboard; sourceTree = "<group>"; };
		0957F38028644416004CDAE2 /* Assets.xcassets */ = {isa = PBXFileReference; lastKnownFileType = folder.assetcatalog; path = Assets.xcassets; sourceTree = "<group>"; };
		0957F38328644416004CDAE2 /* Base */ = {isa = PBXFileReference; lastKnownFileType = file.storyboard; name = Base; path = Base.lproj/LaunchScreen.storyboard; sourceTree = "<group>"; };
		0957F38528644416004CDAE2 /* Info.plist */ = {isa = PBXFileReference; lastKnownFileType = text.plist.xml; path = Info.plist; sourceTree = "<group>"; };
		0957F38A28644416004CDAE2 /* chess-PairTests.xctest */ = {isa = PBXFileReference; explicitFileType = wrapper.cfbundle; includeInIndex = 0; path = "chess-PairTests.xctest"; sourceTree = BUILT_PRODUCTS_DIR; };
		0957F38E28644416004CDAE2 /* chess_PairTests.swift */ = {isa = PBXFileReference; lastKnownFileType = sourcecode.swift; path = chess_PairTests.swift; sourceTree = "<group>"; };
		0957F39428644416004CDAE2 /* chess-PairUITests.xctest */ = {isa = PBXFileReference; explicitFileType = wrapper.cfbundle; includeInIndex = 0; path = "chess-PairUITests.xctest"; sourceTree = BUILT_PRODUCTS_DIR; };
		0957F39828644416004CDAE2 /* chess_PairUITests.swift */ = {isa = PBXFileReference; lastKnownFileType = sourcecode.swift; path = chess_PairUITests.swift; sourceTree = "<group>"; };
		0957F39A28644416004CDAE2 /* chess_PairUITestsLaunchTests.swift */ = {isa = PBXFileReference; lastKnownFileType = sourcecode.swift; path = chess_PairUITestsLaunchTests.swift; sourceTree = "<group>"; };
		0957F3A7286444B2004CDAE2 /* King.swift */ = {isa = PBXFileReference; lastKnownFileType = sourcecode.swift; path = King.swift; sourceTree = "<group>"; };
/* End PBXFileReference section */

/* Begin PBXFrameworksBuildPhase section */
		0957F37128644415004CDAE2 /* Frameworks */ = {
			isa = PBXFrameworksBuildPhase;
			buildActionMask = 2147483647;
			files = (
			);
			runOnlyForDeploymentPostprocessing = 0;
		};
		0957F38728644416004CDAE2 /* Frameworks */ = {
			isa = PBXFrameworksBuildPhase;
			buildActionMask = 2147483647;
			files = (
			);
			runOnlyForDeploymentPostprocessing = 0;
		};
		0957F39128644416004CDAE2 /* Frameworks */ = {
			isa = PBXFrameworksBuildPhase;
			buildActionMask = 2147483647;
			files = (
			);
			runOnlyForDeploymentPostprocessing = 0;
		};
/* End PBXFrameworksBuildPhase section */

/* Begin PBXGroup section */
		0957F36B28644415004CDAE2 = {
			isa = PBXGroup;
			children = (
				0957F37628644415004CDAE2 /* chess-Pair */,
				0957F38D28644416004CDAE2 /* chess-PairTests */,
				0957F39728644416004CDAE2 /* chess-PairUITests */,
				0957F37528644415004CDAE2 /* Products */,
			);
			sourceTree = "<group>";
		};
		0957F37528644415004CDAE2 /* Products */ = {
			isa = PBXGroup;
			children = (
				0957F37428644415004CDAE2 /* chess-Pair.app */,
				0957F38A28644416004CDAE2 /* chess-PairTests.xctest */,
				0957F39428644416004CDAE2 /* chess-PairUITests.xctest */,
			);
			name = Products;
			sourceTree = "<group>";
		};
		0957F37628644415004CDAE2 /* chess-Pair */ = {
			isa = PBXGroup;
			children = (
				0957F37728644415004CDAE2 /* AppDelegate.swift */,
				0957F37928644415004CDAE2 /* SceneDelegate.swift */,
				0957F37B28644415004CDAE2 /* ViewController.swift */,
				0957F37D28644415004CDAE2 /* Main.storyboard */,
				0957F38028644416004CDAE2 /* Assets.xcassets */,
				0957F38228644416004CDAE2 /* LaunchScreen.storyboard */,
				0957F38528644416004CDAE2 /* Info.plist */,
				0957F3A7286444B2004CDAE2 /* King.swift */,
			);
			path = "chess-Pair";
			sourceTree = "<group>";
		};
		0957F38D28644416004CDAE2 /* chess-PairTests */ = {
			isa = PBXGroup;
			children = (
				0957F38E28644416004CDAE2 /* chess_PairTests.swift */,
			);
			path = "chess-PairTests";
			sourceTree = "<group>";
		};
		0957F39728644416004CDAE2 /* chess-PairUITests */ = {
			isa = PBXGroup;
			children = (
				0957F39828644416004CDAE2 /* chess_PairUITests.swift */,
				0957F39A28644416004CDAE2 /* chess_PairUITestsLaunchTests.swift */,
			);
			path = "chess-PairUITests";
			sourceTree = "<group>";
		};
/* End PBXGroup section */

/* Begin PBXNativeTarget section */
		0957F37328644415004CDAE2 /* chess-Pair */ = {
			isa = PBXNativeTarget;
			buildConfigurationList = 0957F39E28644416004CDAE2 /* Build configuration list for PBXNativeTarget "chess-Pair" */;
			buildPhases = (
				0957F37028644415004CDAE2 /* Sources */,
				0957F37128644415004CDAE2 /* Frameworks */,
				0957F37228644415004CDAE2 /* Resources */,
			);
			buildRules = (
			);
			dependencies = (
			);
			name = "chess-Pair";
			productName = "chess-Pair";
			productReference = 0957F37428644415004CDAE2 /* chess-Pair.app */;
			productType = "com.apple.product-type.application";
		};
		0957F38928644416004CDAE2 /* chess-PairTests */ = {
			isa = PBXNativeTarget;
			buildConfigurationList = 0957F3A128644416004CDAE2 /* Build configuration list for PBXNativeTarget "chess-PairTests" */;
			buildPhases = (
				0957F38628644416004CDAE2 /* Sources */,
				0957F38728644416004CDAE2 /* Frameworks */,
				0957F38828644416004CDAE2 /* Resources */,
			);
			buildRules = (
			);
			dependencies = (
				0957F38C28644416004CDAE2 /* PBXTargetDependency */,
			);
			name = "chess-PairTests";
			productName = "chess-PairTests";
			productReference = 0957F38A28644416004CDAE2 /* chess-PairTests.xctest */;
			productType = "com.apple.product-type.bundle.unit-test";
		};
		0957F39328644416004CDAE2 /* chess-PairUITests */ = {
			isa = PBXNativeTarget;
			buildConfigurationList = 0957F3A428644416004CDAE2 /* Build configuration list for PBXNativeTarget "chess-PairUITests" */;
			buildPhases = (
				0957F39028644416004CDAE2 /* Sources */,
				0957F39128644416004CDAE2 /* Frameworks */,
				0957F39228644416004CDAE2 /* Resources */,
			);
			buildRules = (
			);
			dependencies = (
				0957F39628644416004CDAE2 /* PBXTargetDependency */,
			);
			name = "chess-PairUITests";
			productName = "chess-PairUITests";
			productReference = 0957F39428644416004CDAE2 /* chess-PairUITests.xctest */;
			productType = "com.apple.product-type.bundle.ui-testing";
		};
/* End PBXNativeTarget section */

/* Begin PBXProject section */
		0957F36C28644415004CDAE2 /* Project object */ = {
			isa = PBXProject;
			attributes = {
				BuildIndependentTargetsInParallel = 1;
				LastSwiftUpdateCheck = 1340;
				LastUpgradeCheck = 1340;
				TargetAttributes = {
					0957F37328644415004CDAE2 = {
						CreatedOnToolsVersion = 13.4.1;
					};
					0957F38928644416004CDAE2 = {
						CreatedOnToolsVersion = 13.4.1;
						TestTargetID = 0957F37328644415004CDAE2;
					};
					0957F39328644416004CDAE2 = {
						CreatedOnToolsVersion = 13.4.1;
						TestTargetID = 0957F37328644415004CDAE2;
					};
				};
			};
			buildConfigurationList = 0957F36F28644415004CDAE2 /* Build configuration list for PBXProject "chess-Pair" */;
			compatibilityVersion = "Xcode 13.0";
			developmentRegion = en;
			hasScannedForEncodings = 0;
			knownRegions = (
				en,
				Base,
			);
			mainGroup = 0957F36B28644415004CDAE2;
			productRefGroup = 0957F37528644415004CDAE2 /* Products */;
			projectDirPath = "";
			projectRoot = "";
			targets = (
				0957F37328644415004CDAE2 /* chess-Pair */,
				0957F38928644416004CDAE2 /* chess-PairTests */,
				0957F39328644416004CDAE2 /* chess-PairUITests */,
			);
		};
/* End PBXProject section */

/* Begin PBXResourcesBuildPhase section */
		0957F37228644415004CDAE2 /* Resources */ = {
			isa = PBXResourcesBuildPhase;
			buildActionMask = 2147483647;
			files = (
				0957F38428644416004CDAE2 /* LaunchScreen.storyboard in Resources */,
				0957F38128644416004CDAE2 /* Assets.xcassets in Resources */,
				0957F37F28644415004CDAE2 /* Main.storyboard in Resources */,
			);
			runOnlyForDeploymentPostprocessing = 0;
		};
		0957F38828644416004CDAE2 /* Resources */ = {
			isa = PBXResourcesBuildPhase;
			buildActionMask = 2147483647;
			files = (
			);
			runOnlyForDeploymentPostprocessing = 0;
		};
		0957F39228644416004CDAE2 /* Resources */ = {
			isa = PBXResourcesBuildPhase;
			buildActionMask = 2147483647;
			files = (
			);
			runOnlyForDeploymentPostprocessing = 0;
		};
/* End PBXResourcesBuildPhase section */

/* Begin PBXSourcesBuildPhase section */
		0957F37028644415004CDAE2 /* Sources */ = {
			isa = PBXSourcesBuildPhase;
			buildActionMask = 2147483647;
			files = (
				0957F37C28644415004CDAE2 /* ViewController.swift in Sources */,
				0957F37828644415004CDAE2 /* AppDelegate.swift in Sources */,
				0957F3A8286444B2004CDAE2 /* King.swift in Sources */,
				0957F37A28644415004CDAE2 /* SceneDelegate.swift in Sources */,
			);
			runOnlyForDeploymentPostprocessing = 0;
		};
		0957F38628644416004CDAE2 /* Sources */ = {
			isa = PBXSourcesBuildPhase;
			buildActionMask = 2147483647;
			files = (
				0957F38F28644416004CDAE2 /* chess_PairTests.swift in Sources */,
			);
			runOnlyForDeploymentPostprocessing = 0;
		};
		0957F39028644416004CDAE2 /* Sources */ = {
			isa = PBXSourcesBuildPhase;
			buildActionMask = 2147483647;
			files = (
				0957F39928644416004CDAE2 /* chess_PairUITests.swift in Sources */,
				0957F39B28644416004CDAE2 /* chess_PairUITestsLaunchTests.swift in Sources */,
			);
			runOnlyForDeploymentPostprocessing = 0;
		};
/* End PBXSourcesBuildPhase section */

/* Begin PBXTargetDependency section */
		0957F38C28644416004CDAE2 /* PBXTargetDependency */ = {
			isa = PBXTargetDependency;
			target = 0957F37328644415004CDAE2 /* chess-Pair */;
			targetProxy = 0957F38B28644416004CDAE2 /* PBXContainerItemProxy */;
		};
		0957F39628644416004CDAE2 /* PBXTargetDependency */ = {
			isa = PBXTargetDependency;
			target = 0957F37328644415004CDAE2 /* chess-Pair */;
			targetProxy = 0957F39528644416004CDAE2 /* PBXContainerItemProxy */;
		};
/* End PBXTargetDependency section */

/* Begin PBXVariantGroup section */
		0957F37D28644415004CDAE2 /* Main.storyboard */ = {
			isa = PBXVariantGroup;
			children = (
				0957F37E28644415004CDAE2 /* Base */,
			);
			name = Main.storyboard;
			sourceTree = "<group>";
		};
		0957F38228644416004CDAE2 /* LaunchScreen.storyboard */ = {
			isa = PBXVariantGroup;
			children = (
				0957F38328644416004CDAE2 /* Base */,
			);
			name = LaunchScreen.storyboard;
			sourceTree = "<group>";
		};
/* End PBXVariantGroup section */

/* Begin XCBuildConfiguration section */
		0957F39C28644416004CDAE2 /* Debug */ = {
			isa = XCBuildConfiguration;
			buildSettings = {
				ALWAYS_SEARCH_USER_PATHS = NO;
				CLANG_ANALYZER_NONNULL = YES;
				CLANG_ANALYZER_NUMBER_OBJECT_CONVERSION = YES_AGGRESSIVE;
				CLANG_CXX_LANGUAGE_STANDARD = "gnu++17";
				CLANG_ENABLE_MODULES = YES;
				CLANG_ENABLE_OBJC_ARC = YES;
				CLANG_ENABLE_OBJC_WEAK = YES;
				CLANG_WARN_BLOCK_CAPTURE_AUTORELEASING = YES;
				CLANG_WARN_BOOL_CONVERSION = YES;
				CLANG_WARN_COMMA = YES;
				CLANG_WARN_CONSTANT_CONVERSION = YES;
				CLANG_WARN_DEPRECATED_OBJC_IMPLEMENTATIONS = YES;
				CLANG_WARN_DIRECT_OBJC_ISA_USAGE = YES_ERROR;
				CLANG_WARN_DOCUMENTATION_COMMENTS = YES;
				CLANG_WARN_EMPTY_BODY = YES;
				CLANG_WARN_ENUM_CONVERSION = YES;
				CLANG_WARN_INFINITE_RECURSION = YES;
				CLANG_WARN_INT_CONVERSION = YES;
				CLANG_WARN_NON_LITERAL_NULL_CONVERSION = YES;
				CLANG_WARN_OBJC_IMPLICIT_RETAIN_SELF = YES;
				CLANG_WARN_OBJC_LITERAL_CONVERSION = YES;
				CLANG_WARN_OBJC_ROOT_CLASS = YES_ERROR;
				CLANG_WARN_QUOTED_INCLUDE_IN_FRAMEWORK_HEADER = YES;
				CLANG_WARN_RANGE_LOOP_ANALYSIS = YES;
				CLANG_WARN_STRICT_PROTOTYPES = YES;
				CLANG_WARN_SUSPICIOUS_MOVE = YES;
				CLANG_WARN_UNGUARDED_AVAILABILITY = YES_AGGRESSIVE;
				CLANG_WARN_UNREACHABLE_CODE = YES;
				CLANG_WARN__DUPLICATE_METHOD_MATCH = YES;
				COPY_PHASE_STRIP = NO;
				DEBUG_INFORMATION_FORMAT = dwarf;
				ENABLE_STRICT_OBJC_MSGSEND = YES;
				ENABLE_TESTABILITY = YES;
				GCC_C_LANGUAGE_STANDARD = gnu11;
				GCC_DYNAMIC_NO_PIC = NO;
				GCC_NO_COMMON_BLOCKS = YES;
				GCC_OPTIMIZATION_LEVEL = 0;
				GCC_PREPROCESSOR_DEFINITIONS = (
					"DEBUG=1",
					"$(inherited)",
				);
				GCC_WARN_64_TO_32_BIT_CONVERSION = YES;
				GCC_WARN_ABOUT_RETURN_TYPE = YES_ERROR;
				GCC_WARN_UNDECLARED_SELECTOR = YES;
				GCC_WARN_UNINITIALIZED_AUTOS = YES_AGGRESSIVE;
				GCC_WARN_UNUSED_FUNCTION = YES;
				GCC_WARN_UNUSED_VARIABLE = YES;
				IPHONEOS_DEPLOYMENT_TARGET = 15.5;
				MTL_ENABLE_DEBUG_INFO = INCLUDE_SOURCE;
				MTL_FAST_MATH = YES;
				ONLY_ACTIVE_ARCH = YES;
				SDKROOT = iphoneos;
				SWIFT_ACTIVE_COMPILATION_CONDITIONS = DEBUG;
				SWIFT_OPTIMIZATION_LEVEL = "-Onone";
			};
			name = Debug;
		};
		0957F39D28644416004CDAE2 /* Release */ = {
			isa = XCBuildConfiguration;
			buildSettings = {
				ALWAYS_SEARCH_USER_PATHS = NO;
				CLANG_ANALYZER_NONNULL = YES;
				CLANG_ANALYZER_NUMBER_OBJECT_CONVERSION = YES_AGGRESSIVE;
				CLANG_CXX_LANGUAGE_STANDARD = "gnu++17";
				CLANG_ENABLE_MODULES = YES;
				CLANG_ENABLE_OBJC_ARC = YES;
				CLANG_ENABLE_OBJC_WEAK = YES;
				CLANG_WARN_BLOCK_CAPTURE_AUTORELEASING = YES;
				CLANG_WARN_BOOL_CONVERSION = YES;
				CLANG_WARN_COMMA = YES;
				CLANG_WARN_CONSTANT_CONVERSION = YES;
				CLANG_WARN_DEPRECATED_OBJC_IMPLEMENTATIONS = YES;
				CLANG_WARN_DIRECT_OBJC_ISA_USAGE = YES_ERROR;
				CLANG_WARN_DOCUMENTATION_COMMENTS = YES;
				CLANG_WARN_EMPTY_BODY = YES;
				CLANG_WARN_ENUM_CONVERSION = YES;
				CLANG_WARN_INFINITE_RECURSION = YES;
				CLANG_WARN_INT_CONVERSION = YES;
				CLANG_WARN_NON_LITERAL_NULL_CONVERSION = YES;
				CLANG_WARN_OBJC_IMPLICIT_RETAIN_SELF = YES;
				CLANG_WARN_OBJC_LITERAL_CONVERSION = YES;
				CLANG_WARN_OBJC_ROOT_CLASS = YES_ERROR;
				CLANG_WARN_QUOTED_INCLUDE_IN_FRAMEWORK_HEADER = YES;
				CLANG_WARN_RANGE_LOOP_ANALYSIS = YES;
				CLANG_WARN_STRICT_PROTOTYPES = YES;
				CLANG_WARN_SUSPICIOUS_MOVE = YES;
				CLANG_WARN_UNGUARDED_AVAILABILITY = YES_AGGRESSIVE;
				CLANG_WARN_UNREACHABLE_CODE = YES;
				CLANG_WARN__DUPLICATE_METHOD_MATCH = YES;
				COPY_PHASE_STRIP = NO;
				DEBUG_INFORMATION_FORMAT = "dwarf-with-dsym";
				ENABLE_NS_ASSERTIONS = NO;
				ENABLE_STRICT_OBJC_MSGSEND = YES;
				GCC_C_LANGUAGE_STANDARD = gnu11;
				GCC_NO_COMMON_BLOCKS = YES;
				GCC_WARN_64_TO_32_BIT_CONVERSION = YES;
				GCC_WARN_ABOUT_RETURN_TYPE = YES_ERROR;
				GCC_WARN_UNDECLARED_SELECTOR = YES;
				GCC_WARN_UNINITIALIZED_AUTOS = YES_AGGRESSIVE;
				GCC_WARN_UNUSED_FUNCTION = YES;
				GCC_WARN_UNUSED_VARIABLE = YES;
				IPHONEOS_DEPLOYMENT_TARGET = 15.5;
				MTL_ENABLE_DEBUG_INFO = NO;
				MTL_FAST_MATH = YES;
				SDKROOT = iphoneos;
				SWIFT_COMPILATION_MODE = wholemodule;
				SWIFT_OPTIMIZATION_LEVEL = "-O";
				VALIDATE_PRODUCT = YES;
			};
			name = Release;
		};
		0957F39F28644416004CDAE2 /* Debug */ = {
			isa = XCBuildConfiguration;
			buildSettings = {
				ASSETCATALOG_COMPILER_APPICON_NAME = AppIcon;
				ASSETCATALOG_COMPILER_GLOBAL_ACCENT_COLOR_NAME = AccentColor;
				CODE_SIGN_STYLE = Automatic;
				CURRENT_PROJECT_VERSION = 1;
				GENERATE_INFOPLIST_FILE = YES;
				INFOPLIST_FILE = "chess-Pair/Info.plist";
				INFOPLIST_KEY_UIApplicationSupportsIndirectInputEvents = YES;
				INFOPLIST_KEY_UILaunchStoryboardName = LaunchScreen;
				INFOPLIST_KEY_UIMainStoryboardFile = Main;
				INFOPLIST_KEY_UISupportedInterfaceOrientations_iPad = "UIInterfaceOrientationPortrait UIInterfaceOrientationPortraitUpsideDown UIInterfaceOrientationLandscapeLeft UIInterfaceOrientationLandscapeRight";
				INFOPLIST_KEY_UISupportedInterfaceOrientations_iPhone = "UIInterfaceOrientationPortrait UIInterfaceOrientationLandscapeLeft UIInterfaceOrientationLandscapeRight";
				LD_RUNPATH_SEARCH_PATHS = (
					"$(inherited)",
					"@executable_path/Frameworks",
				);
				MARKETING_VERSION = 1.0;
				PRODUCT_BUNDLE_IDENTIFIER = "com.kakao.chess-Pair";
				PRODUCT_NAME = "$(TARGET_NAME)";
				SWIFT_EMIT_LOC_STRINGS = YES;
				SWIFT_VERSION = 5.0;
				TARGETED_DEVICE_FAMILY = "1,2";
			};
			name = Debug;
		};
		0957F3A028644416004CDAE2 /* Release */ = {
			isa = XCBuildConfiguration;
			buildSettings = {
				ASSETCATALOG_COMPILER_APPICON_NAME = AppIcon;
				ASSETCATALOG_COMPILER_GLOBAL_ACCENT_COLOR_NAME = AccentColor;
				CODE_SIGN_STYLE = Automatic;
				CURRENT_PROJECT_VERSION = 1;
				GENERATE_INFOPLIST_FILE = YES;
				INFOPLIST_FILE = "chess-Pair/Info.plist";
				INFOPLIST_KEY_UIApplicationSupportsIndirectInputEvents = YES;
				INFOPLIST_KEY_UILaunchStoryboardName = LaunchScreen;
				INFOPLIST_KEY_UIMainStoryboardFile = Main;
				INFOPLIST_KEY_UISupportedInterfaceOrientations_iPad = "UIInterfaceOrientationPortrait UIInterfaceOrientationPortraitUpsideDown UIInterfaceOrientationLandscapeLeft UIInterfaceOrientationLandscapeRight";
				INFOPLIST_KEY_UISupportedInterfaceOrientations_iPhone = "UIInterfaceOrientationPortrait UIInterfaceOrientationLandscapeLeft UIInterfaceOrientationLandscapeRight";
				LD_RUNPATH_SEARCH_PATHS = (
					"$(inherited)",
					"@executable_path/Frameworks",
				);
				MARKETING_VERSION = 1.0;
				PRODUCT_BUNDLE_IDENTIFIER = "com.kakao.chess-Pair";
				PRODUCT_NAME = "$(TARGET_NAME)";
				SWIFT_EMIT_LOC_STRINGS = YES;
				SWIFT_VERSION = 5.0;
				TARGETED_DEVICE_FAMILY = "1,2";
			};
			name = Release;
		};
		0957F3A228644416004CDAE2 /* Debug */ = {
			isa = XCBuildConfiguration;
			buildSettings = {
				ALWAYS_EMBED_SWIFT_STANDARD_LIBRARIES = YES;
				BUNDLE_LOADER = "$(TEST_HOST)";
				CODE_SIGN_STYLE = Automatic;
				CURRENT_PROJECT_VERSION = 1;
				GENERATE_INFOPLIST_FILE = YES;
				IPHONEOS_DEPLOYMENT_TARGET = 15.5;
				MARKETING_VERSION = 1.0;
				PRODUCT_BUNDLE_IDENTIFIER = "com.kakao.chess-PairTests";
				PRODUCT_NAME = "$(TARGET_NAME)";
				SWIFT_EMIT_LOC_STRINGS = NO;
				SWIFT_VERSION = 5.0;
				TARGETED_DEVICE_FAMILY = "1,2";
				TEST_HOST = "$(BUILT_PRODUCTS_DIR)/chess-Pair.app/chess-Pair";
			};
			name = Debug;
		};
		0957F3A328644416004CDAE2 /* Release */ = {
			isa = XCBuildConfiguration;
			buildSettings = {
				ALWAYS_EMBED_SWIFT_STANDARD_LIBRARIES = YES;
				BUNDLE_LOADER = "$(TEST_HOST)";
				CODE_SIGN_STYLE = Automatic;
				CURRENT_PROJECT_VERSION = 1;
				GENERATE_INFOPLIST_FILE = YES;
				IPHONEOS_DEPLOYMENT_TARGET = 15.5;
				MARKETING_VERSION = 1.0;
				PRODUCT_BUNDLE_IDENTIFIER = "com.kakao.chess-PairTests";
				PRODUCT_NAME = "$(TARGET_NAME)";
				SWIFT_EMIT_LOC_STRINGS = NO;
				SWIFT_VERSION = 5.0;
				TARGETED_DEVICE_FAMILY = "1,2";
				TEST_HOST = "$(BUILT_PRODUCTS_DIR)/chess-Pair.app/chess-Pair";
			};
			name = Release;
		};
		0957F3A528644416004CDAE2 /* Debug */ = {
			isa = XCBuildConfiguration;
			buildSettings = {
				ALWAYS_EMBED_SWIFT_STANDARD_LIBRARIES = YES;
				CODE_SIGN_STYLE = Automatic;
				CURRENT_PROJECT_VERSION = 1;
				GENERATE_INFOPLIST_FILE = YES;
				MARKETING_VERSION = 1.0;
				PRODUCT_BUNDLE_IDENTIFIER = "com.kakao.chess-PairUITests";
				PRODUCT_NAME = "$(TARGET_NAME)";
				SWIFT_EMIT_LOC_STRINGS = NO;
				SWIFT_VERSION = 5.0;
				TARGETED_DEVICE_FAMILY = "1,2";
				TEST_TARGET_NAME = "chess-Pair";
			};
			name = Debug;
		};
		0957F3A628644416004CDAE2 /* Release */ = {
			isa = XCBuildConfiguration;
			buildSettings = {
				ALWAYS_EMBED_SWIFT_STANDARD_LIBRARIES = YES;
				CODE_SIGN_STYLE = Automatic;
				CURRENT_PROJECT_VERSION = 1;
				GENERATE_INFOPLIST_FILE = YES;
				MARKETING_VERSION = 1.0;
				PRODUCT_BUNDLE_IDENTIFIER = "com.kakao.chess-PairUITests";
				PRODUCT_NAME = "$(TARGET_NAME)";
				SWIFT_EMIT_LOC_STRINGS = NO;
				SWIFT_VERSION = 5.0;
				TARGETED_DEVICE_FAMILY = "1,2";
				TEST_TARGET_NAME = "chess-Pair";
			};
			name = Release;
		};
/* End XCBuildConfiguration section */

/* Begin XCConfigurationList section */
		0957F36F28644415004CDAE2 /* Build configuration list for PBXProject "chess-Pair" */ = {
			isa = XCConfigurationList;
			buildConfigurations = (
				0957F39C28644416004CDAE2 /* Debug */,
				0957F39D28644416004CDAE2 /* Release */,
			);
			defaultConfigurationIsVisible = 0;
			defaultConfigurationName = Release;
		};
		0957F39E28644416004CDAE2 /* Build configuration list for PBXNativeTarget "chess-Pair" */ = {
			isa = XCConfigurationList;
			buildConfigurations = (
				0957F39F28644416004CDAE2 /* Debug */,
				0957F3A028644416004CDAE2 /* Release */,
			);
			defaultConfigurationIsVisible = 0;
			defaultConfigurationName = Release;
		};
		0957F3A128644416004CDAE2 /* Build configuration list for PBXNativeTarget "chess-PairTests" */ = {
			isa = XCConfigurationList;
			buildConfigurations = (
				0957F3A228644416004CDAE2 /* Debug */,
				0957F3A328644416004CDAE2 /* Release */,
			);
			defaultConfigurationIsVisible = 0;
			defaultConfigurationName = Release;
		};
		0957F3A428644416004CDAE2 /* Build configuration list for PBXNativeTarget "chess-PairUITests" */ = {
			isa = XCConfigurationList;
			buildConfigurations = (
				0957F3A528644416004CDAE2 /* Debug */,
				0957F3A628644416004CDAE2 /* Release */,
			);
			defaultConfigurationIsVisible = 0;
			defaultConfigurationName = Release;
		};
/* End XCConfigurationList section */
	};
	rootObject = 0957F36C28644415004CDAE2 /* Project object */;
}
